
Microsoft Visual Studio Solution File, Format Version 12.00
# Visual Studio Version 17
VisualStudioVersion = 17.7.34031.279
MinimumVisualStudioVersion = 10.0.40219.1
Project("{FAE04EC0-301F-11D3-BF4B-00C04F79EFBC}") = "DesktopToyShop", "DesktopToyShop\DesktopToyShop.csproj", "{A95B869B-D64F-41A1-9981-F6384DE6B0AA}"
EndProject
Global
	GlobalSection(SolutionConfigurationPlatforms) = preSolution
		Debug|Any CPU = Debug|Any CPU
		Release|Any CPU = Release|Any CPU
	EndGlobalSection
	GlobalSection(ProjectConfigurationPlatforms) = postSolution
		{A95B869B-D64F-41A1-9981-F6384DE6B0AA}.Debug|Any CPU.ActiveCfg = Debug|Any CPU
		{A95B869B-D64F-41A1-9981-F6384DE6B0AA}.Debug|Any CPU.Build.0 = Debug|Any CPU
		{A95B869B-D64F-41A1-9981-F6384DE6B0AA}.Release|Any CPU.ActiveCfg = Release|Any CPU
		{A95B869B-D64F-41A1-9981-F6384DE6B0AA}.Release|Any CPU.Build.0 = Release|Any CPU
	EndGlobalSection
	GlobalSection(SolutionProperties) = preSolution
		HideSolutionNode = FALSE
	EndGlobalSection
	GlobalSection(ExtensibilityGlobals) = postSolution
		SolutionGuid = {5B73E9C1-291E-4643-8C42-0DB242EE83D6}
	EndGlobalSection
EndGlobal
